
Microsoft Visual Studio Solution File, Format Version 11.00
# Visual C# Express 2010
Project("{FAE04EC0-301F-11D3-BF4B-00C04F79EFBC}") = "Wgnuplot", "Wgnuplot\Wgnuplot.csproj", "{37885FD5-51E2-4E2B-B5A4-07F499EC0EEB}"
EndProject
Project("{FAE04EC0-301F-11D3-BF4B-00C04F79EFBC}") = "WgnuplotTest", "WgnuplotTest\WgnuplotTest.csproj", "{A7383BDC-6ECC-4766-8BFA-2853D7837308}"
EndProject
Global
	GlobalSection(SolutionConfigurationPlatforms) = preSolution
		Debug|Any CPU = Debug|Any CPU
		Release|Any CPU = Release|Any CPU
	EndGlobalSection
	GlobalSection(ProjectConfigurationPlatforms) = postSolution
		{37885FD5-51E2-4E2B-B5A4-07F499EC0EEB}.Debug|Any CPU.ActiveCfg = Debug|Any CPU
		{37885FD5-51E2-4E2B-B5A4-07F499EC0EEB}.Debug|Any CPU.Build.0 = Debug|Any CPU
		{37885FD5-51E2-4E2B-B5A4-07F499EC0EEB}.Release|Any CPU.ActiveCfg = Release|Any CPU
		{37885FD5-51E2-4E2B-B5A4-07F499EC0EEB}.Release|Any CPU.Build.0 = Release|Any CPU
		{A7383BDC-6ECC-4766-8BFA-2853D7837308}.Debug|Any CPU.ActiveCfg = Debug|Any CPU
		{A7383BDC-6ECC-4766-8BFA-2853D7837308}.Debug|Any CPU.Build.0 = Debug|Any CPU
		{A7383BDC-6ECC-4766-8BFA-2853D7837308}.Release|Any CPU.ActiveCfg = Release|Any CPU
		{A7383BDC-6ECC-4766-8BFA-2853D7837308}.Release|Any CPU.Build.0 = Release|Any CPU
	EndGlobalSection
	GlobalSection(SolutionProperties) = preSolution
		HideSolutionNode = FALSE
	EndGlobalSection
EndGlobal
